
Microsoft Visual Studio Solution File, Format Version 12.00
# Visual Studio Version 16
VisualStudioVersion = 16.0.29806.167
MinimumVisualStudioVersion = 10.0.40219.1
Project("{FAE04EC0-301F-11D3-BF4B-00C04F79EFBC}") = "DTO", "DTO\DTO.csproj", "{1F430CCA-0115-4263-AF60-56CDF88BF853}"
EndProject
Project("{FAE04EC0-301F-11D3-BF4B-00C04F79EFBC}") = "DAL", "DAL\DAL.csproj", "{3E582046-76E4-4849-86FB-B096281F3BF3}"
EndProject
Project("{9A19103F-16F7-4668-BE54-9A1E7A4F7556}") = "WebApi", "WebApi\WebApi.csproj", "{13D55342-F557-4023-A5B3-4BA89C4A023C}"
EndProject
Project("{9A19103F-16F7-4668-BE54-9A1E7A4F7556}") = "WebClient", "WebClient\WebClient.csproj", "{0771F8EB-A4DD-4D8C-AB56-6EC019054611}"
EndProject
Global
	GlobalSection(SolutionConfigurationPlatforms) = preSolution
		Debug|Any CPU = Debug|Any CPU
		Release|Any CPU = Release|Any CPU
	EndGlobalSection
	GlobalSection(ProjectConfigurationPlatforms) = postSolution
		{1F430CCA-0115-4263-AF60-56CDF88BF853}.Debug|Any CPU.ActiveCfg = Debug|Any CPU
		{1F430CCA-0115-4263-AF60-56CDF88BF853}.Debug|Any CPU.Build.0 = Debug|Any CPU
		{1F430CCA-0115-4263-AF60-56CDF88BF853}.Release|Any CPU.ActiveCfg = Release|Any CPU
		{1F430CCA-0115-4263-AF60-56CDF88BF853}.Release|Any CPU.Build.0 = Release|Any CPU
		{3E582046-76E4-4849-86FB-B096281F3BF3}.Debug|Any CPU.ActiveCfg = Debug|Any CPU
		{3E582046-76E4-4849-86FB-B096281F3BF3}.Debug|Any CPU.Build.0 = Debug|Any CPU
		{3E582046-76E4-4849-86FB-B096281F3BF3}.Release|Any CPU.ActiveCfg = Release|Any CPU
		{3E582046-76E4-4849-86FB-B096281F3BF3}.Release|Any CPU.Build.0 = Release|Any CPU
		{13D55342-F557-4023-A5B3-4BA89C4A023C}.Debug|Any CPU.ActiveCfg = Debug|Any CPU
		{13D55342-F557-4023-A5B3-4BA89C4A023C}.Debug|Any CPU.Build.0 = Debug|Any CPU
		{13D55342-F557-4023-A5B3-4BA89C4A023C}.Release|Any CPU.ActiveCfg = Release|Any CPU
		{13D55342-F557-4023-A5B3-4BA89C4A023C}.Release|Any CPU.Build.0 = Release|Any CPU
		{0771F8EB-A4DD-4D8C-AB56-6EC019054611}.Debug|Any CPU.ActiveCfg = Debug|Any CPU
		{0771F8EB-A4DD-4D8C-AB56-6EC019054611}.Debug|Any CPU.Build.0 = Debug|Any CPU
		{0771F8EB-A4DD-4D8C-AB56-6EC019054611}.Release|Any CPU.ActiveCfg = Release|Any CPU
		{0771F8EB-A4DD-4D8C-AB56-6EC019054611}.Release|Any CPU.Build.0 = Release|Any CPU
	EndGlobalSection
	GlobalSection(SolutionProperties) = preSolution
		HideSolutionNode = FALSE
	EndGlobalSection
	GlobalSection(ExtensibilityGlobals) = postSolution
		SolutionGuid = {565795E1-30C4-4533-A277-2E0B9573EFE8}
	EndGlobalSection
EndGlobal
